# This file is automatically @generated by Cargo.
# It is not intended for manual editing.
version = 4

[[package]]
name = "ephemeris"
version = "0.2.0"

[[package]]
name = "moon"
version = "0.2.0"
dependencies = [
 "ephemeris",
]

[[package]]
name = "nongli"
version = "0.2.0"
dependencies = [
 "ephemeris",
]
